// !$*UTF8*$!
{
	archiveVersion = 1;
	classes = {
	};
	objectVersion = 77;
	objects = {

/* Begin PBXBuildFile section */
		02BBFCAB9FABABA0E3F61D94 /* CompactPanel.swift in Sources */ = {isa = PBXBuildFile; fileRef = DDEF67A05473B9B81E737CCA /* CompactPanel.swift */; };
		0312185FC2939E491E5FA61B /* NetworkTableView.swift in Sources */ = {isa = PBXBuildFile; fileRef = BDB4FEC9FD49FC80092D552F /* NetworkTableView.swift */; };
		102E3AAE692AA9A5D4FAD7AA /* ProcessTableView.swift in Sources */ = {isa = PBXBuildFile; fileRef = 1F23270B1264FEA9ADB1AA40 /* ProcessTableView.swift */; };
		16F1ADB0BF1204413C63D8D3 /* DisplayClassifier.swift in Sources */ = {isa = PBXBuildFile; fileRef = EDD7A45ACDDB5FF6339F3304 /* DisplayClassifier.swift */; };
		19797E6A89A642D9608CA117 /* TableRowPinning.swift in Sources */ = {isa = PBXBuildFile; fileRef = B4D697868B8C4C4FB7E751EA /* TableRowPinning.swift */; };
		20E6D875224F2DD2C7C2ACE6 /* AppDelegate.swift in Sources */ = {isa = PBXBuildFile; fileRef = 0FBCAAB79E9BD315D477C172 /* AppDelegate.swift */; };
		22047A33507D3B3DD9EC6B6D /* ProcessSampler.swift in Sources */ = {isa = PBXBuildFile; fileRef = 850565F5EFA8715213F743F0 /* ProcessSampler.swift */; };
		24FE51849EBE363903CF7B02 /* ProcessListModel.swift in Sources */ = {isa = PBXBuildFile; fileRef = 365D4F04F79DD343A1B2E5AE /* ProcessListModel.swift */; };
		2A3FD6AF874DE9155BC98435 /* MonitorTableRowChrome.swift in Sources */ = {isa = PBXBuildFile; fileRef = D3F79950444A720A91EAEF8B /* MonitorTableRowChrome.swift */; };
		347B4F1B662100E6FDEF7632 /* NetworkProcessRow.swift in Sources */ = {isa = PBXBuildFile; fileRef = CAB5B582A7DF94BFC70FCB69 /* NetworkProcessRow.swift */; };
		4655E5D5DA3CC858F6DB0433 /* NetworkRowView.swift in Sources */ = {isa = PBXBuildFile; fileRef = 9DB638CD2CC95FC52214DC31 /* NetworkRowView.swift */; };
		49FFEE17B561BC33D2893085 /* DisplayClassifierTests.swift in Sources */ = {isa = PBXBuildFile; fileRef = 191CDF303A18529297E4ADC4 /* DisplayClassifierTests.swift */; };
		5723D31EC57BD63958141395 /* NetworkSpeedMonitor.swift in Sources */ = {isa = PBXBuildFile; fileRef = E69580ED9F99C4C8F906700F /* NetworkSpeedMonitor.swift */; };
		5A457C71EEF190ED256B295E /* Assets.xcassets in Resources */ = {isa = PBXBuildFile; fileRef = DECB21C7FF4C7087EBE6269D /* Assets.xcassets */; };
		62E6E57E476FC5D726002743 /* ProcessNetworkSampler.swift in Sources */ = {isa = PBXBuildFile; fileRef = 90C435D7D64B08B2CA4B0B13 /* ProcessNetworkSampler.swift */; };
		653101A658121D67E1F29F18 /* NetworkTableTests.swift in Sources */ = {isa = PBXBuildFile; fileRef = 0E3B10C2DB2C0DE6C0A9FE7C /* NetworkTableTests.swift */; };
		6942E6CADB345C27370A4DD2 /* ArgumentCache.swift in Sources */ = {isa = PBXBuildFile; fileRef = 4946535F65EF01B6AF03EAB2 /* ArgumentCache.swift */; };
		6EB525F29EA712407BBA45C1 /* MacKitUpdater in Frameworks */ = {isa = PBXBuildFile; productRef = 7F054543703ABEF28845640F /* MacKitUpdater */; };
		75C423AB17E53F4D2FE5F028 /* CPUTime.swift in Sources */ = {isa = PBXBuildFile; fileRef = 23FEF0921350AE0DDF68D8CC /* CPUTime.swift */; };
		7829D73EE2AFEA60CA2AEE39 /* PanelPlacement.swift in Sources */ = {isa = PBXBuildFile; fileRef = 7C9582C59833FA073D6139B8 /* PanelPlacement.swift */; };
		9273A81F32567F3811CF483E /* AppPreferences.swift in Sources */ = {isa = PBXBuildFile; fileRef = 56E4801C7CB5A7716F297EC8 /* AppPreferences.swift */; };
		93BBF0B25AAE2D70A1111EE3 /* NetworkListModel.swift in Sources */ = {isa = PBXBuildFile; fileRef = 4C8C0A454E780E565D037CF2 /* NetworkListModel.swift */; };
		9711C3CB951F34D3621B3F5A /* MacKitCore in Frameworks */ = {isa = PBXBuildFile; productRef = DD2529EB81227964B849E6ED /* MacKitCore */; };
		98708132793E114E4A5213A8 /* LaunchAtLoginManager.swift in Sources */ = {isa = PBXBuildFile; fileRef = F30AFE8F0A970409C50B06D8 /* LaunchAtLoginManager.swift */; };
		99A86BF401076A156168336D /* ProcessTableRankingTests.swift in Sources */ = {isa = PBXBuildFile; fileRef = F9059CF651F786CCFDB7D422 /* ProcessTableRankingTests.swift */; };
		9C46E971CC52BD49F22F1BAC /* PanelPlacementTests.swift in Sources */ = {isa = PBXBuildFile; fileRef = 4A87FCE64F04EFA838D052D4 /* PanelPlacementTests.swift */; };
		A53155F76D9873D02814E862 /* CPUKillerApp.swift in Sources */ = {isa = PBXBuildFile; fileRef = A2932540A7996348733276EB /* CPUKillerApp.swift */; };
		A57E8EB7E88503A216099D5B /* StatusItemController.swift in Sources */ = {isa = PBXBuildFile; fileRef = 630C636825787AE8EB28CD29 /* StatusItemController.swift */; };
		A7A5E07AD7C0CA5384B3E5FE /* ProcessTerminator.swift in Sources */ = {isa = PBXBuildFile; fileRef = 73C1806B74E76AA3DF5F6C05 /* ProcessTerminator.swift */; };
		A9935018A9EE4667E6218E23 /* ProcessRowView.swift in Sources */ = {isa = PBXBuildFile; fileRef = 5AF491088A9A1A52A4595AB1 /* ProcessRowView.swift */; };
		ACD71ECEDD614C758F1C3EDF /* Localizable.xcstrings in Resources */ = {isa = PBXBuildFile; fileRef = E5F7C4AD5459611B7C2FF252 /* Localizable.xcstrings */; };
		AD72F35F38F6CD3446CEE5AA /* SettingsWindowController.swift in Sources */ = {isa = PBXBuildFile; fileRef = 0D6D6F8C2EA33ED422D88C02 /* SettingsWindowController.swift */; };
		B48918FA2D1245051BC348C5 /* SettingsView.swift in Sources */ = {isa = PBXBuildFile; fileRef = AC00C16C7807A2C5299EC3F6 /* SettingsView.swift */; };
		BC6E2557E00B0F912B26EE41 /* Sparkle in Frameworks */ = {isa = PBXBuildFile; productRef = ADF3C216231BCD4A17E120F8 /* Sparkle */; };
		C8D69B19D31F20F143DB5DE1 /* NetworkSpeedMonitorTests.swift in Sources */ = {isa = PBXBuildFile; fileRef = A1D0C23235842ADAD0B264BB /* NetworkSpeedMonitorTests.swift */; };
		D0D33EC150B1492AA9A391DF /* MacKitOverlay in Frameworks */ = {isa = PBXBuildFile; productRef = E49777B917595283C6C3A897 /* MacKitOverlay */; };
		D70A13485584803019755316 /* Responsibility.swift in Sources */ = {isa = PBXBuildFile; fileRef = B9BB8ACCA9931CE2D51A3819 /* Responsibility.swift */; };
		E0DD113965DE12965ACD3A43 /* MacKitLaunchAtLogin in Frameworks */ = {isa = PBXBuildFile; productRef = D9E75377B8CE397B76492BA9 /* MacKitLaunchAtLogin */; };
		E72C83C65BAC0ADDCCD57D5E /* MacKitLifecycle in Frameworks */ = {isa = PBXBuildFile; productRef = 53218DE61494621B5D7779CF /* MacKitLifecycle */; };
		E9794DF90853929985A2F96A /* MenuBarIconRenderer.swift in Sources */ = {isa = PBXBuildFile; fileRef = 43B5BB53CABF75E76E5C3ACE /* MenuBarIconRenderer.swift */; };
		E9BBAAB18D6CB56429374A59 /* MacKitCore in Frameworks */ = {isa = PBXBuildFile; productRef = 66252862EDD6E45D1FB86A75 /* MacKitCore */; };
		FA0FE6FB8B52C7EBFBA95C97 /* ProcessRow.swift in Sources */ = {isa = PBXBuildFile; fileRef = 8426D6E9C976724BA9DC7677 /* ProcessRow.swift */; };
		FDFE8E22522B403CE944A167 /* TableMetricPresentationTests.swift in Sources */ = {isa = PBXBuildFile; fileRef = 4C827067959B97A55CD7239E /* TableMetricPresentationTests.swift */; };
/* End PBXBuildFile section */

/* Begin PBXContainerItemProxy section */
		917E7DC20784FA696CEC666F /* PBXContainerItemProxy */ = {
			isa = PBXContainerItemProxy;
			containerPortal = B3DD57AE44AF1BBFA39FD57B /* Project object */;
			proxyType = 1;
			remoteGlobalIDString = F0912C9B8F0F227F9BBACD16;
			remoteInfo = CPUKiller;
		};
/* End PBXContainerItemProxy section */

/* Begin PBXFileReference section */
		003B81F270E52B6B2802F0BE /* structures-3up-2026-08-30.svg.png */ = {isa = PBXFileReference; lastKnownFileType = image.png; path = "structures-3up-2026-08-30.svg.png"; sourceTree = "<group>"; };
		04DB53BE80CA611772E1E949 /* cell-6.png */ = {isa = PBXFileReference; lastKnownFileType = image.png; path = "cell-6.png"; sourceTree = "<group>"; };
		0564CB75981F5811EA24EBCB /* README.md */ = {isa = PBXFileReference; lastKnownFileType = net.daringfireball.markdown; path = README.md; sourceTree = "<group>"; };
		07A580CA11D4701826FB7A52 /* structure-03-24.png */ = {isa = PBXFileReference; lastKnownFileType = image.png; path = "structure-03-24.png"; sourceTree = "<group>"; };
		0AFE02A005B7A290F533AE17 /* AppIcon-1024-48px.png */ = {isa = PBXFileReference; lastKnownFileType = image.png; path = "AppIcon-1024-48px.png"; sourceTree = "<group>"; };
		0C819D547BA96979B6D22972 /* directions-3x3-2026-08-30.png */ = {isa = PBXFileReference; lastKnownFileType = image.png; path = "directions-3x3-2026-08-30.png"; sourceTree = "<group>"; };
		0D6D6F8C2EA33ED422D88C02 /* SettingsWindowController.swift */ = {isa = PBXFileReference; lastKnownFileType = sourcecode.swift; path = SettingsWindowController.swift; sourceTree = "<group>"; };
		0E3B10C2DB2C0DE6C0A9FE7C /* NetworkTableTests.swift */ = {isa = PBXFileReference; lastKnownFileType = sourcecode.swift; path = NetworkTableTests.swift; sourceTree = "<group>"; };
		0FBCAAB79E9BD315D477C172 /* AppDelegate.swift */ = {isa = PBXFileReference; lastKnownFileType = sourcecode.swift; path = AppDelegate.swift; sourceTree = "<group>"; };
		16A5728364824FAF750166B9 /* structure-01-180.png */ = {isa = PBXFileReference; lastKnownFileType = image.png; path = "structure-01-180.png"; sourceTree = "<group>"; };
		16C4102BB1446C4F594D7870 /* structure-03-48.png */ = {isa = PBXFileReference; lastKnownFileType = image.png; path = "structure-03-48.png"; sourceTree = "<group>"; };
		180F2A8B1A7D5605AAF2AFDD /* structure-02-24.png */ = {isa = PBXFileReference; lastKnownFileType = image.png; path = "structure-02-24.png"; sourceTree = "<group>"; };
		1874EF05E04D70C560BDF649 /* memory-01-slash.svg.png */ = {isa = PBXFileReference; lastKnownFileType = image.png; path = "memory-01-slash.svg.png"; sourceTree = "<group>"; };
		191CDF303A18529297E4ADC4 /* DisplayClassifierTests.swift */ = {isa = PBXFileReference; lastKnownFileType = sourcecode.swift; path = DisplayClassifierTests.swift; sourceTree = "<group>"; };
		1A7A864C80A573A266FC39DD /* memory-03-clamp.svg */ = {isa = PBXFileReference; path = "memory-03-clamp.svg"; sourceTree = "<group>"; };
		1C1249599351E7C663355339 /* direction-04-silicon-wafer-cell.png */ = {isa = PBXFileReference; lastKnownFileType = image.png; path = "direction-04-silicon-wafer-cell.png"; sourceTree = "<group>"; };
		1F23270B1264FEA9ADB1AA40 /* ProcessTableView.swift */ = {isa = PBXFileReference; lastKnownFileType = sourcecode.swift; path = ProcessTableView.swift; sourceTree = "<group>"; };
		23D362FC3B27803FE1E577DA /* signature-03-crush.svg */ = {isa = PBXFileReference; path = "signature-03-crush.svg"; sourceTree = "<group>"; };
		23FEF0921350AE0DDF68D8CC /* CPUTime.swift */ = {isa = PBXFileReference; lastKnownFileType = sourcecode.swift; path = CPUTime.swift; sourceTree = "<group>"; };
		276C25FF7E1337AF826F1BD0 /* structure-03-180.png */ = {isa = PBXFileReference; lastKnownFileType = image.png; path = "structure-03-180.png"; sourceTree = "<group>"; };
		2BBE01D6CA87D362EFA86CED /* DISTRIBUTION_AND_UPDATE_KNOWLEDGE_BASE.md */ = {isa = PBXFileReference; lastKnownFileType = net.daringfireball.markdown; path = DISTRIBUTION_AND_UPDATE_KNOWLEDGE_BASE.md; sourceTree = "<group>"; };
		2C57E4EA9252B5B9A0AAD0A1 /* CPUKiller.entitlements */ = {isa = PBXFileReference; lastKnownFileType = text.plist.entitlements; path = CPUKiller.entitlements; sourceTree = "<group>"; };
		2E5E9567BAD9221DE26F8ACA /* AppIcon-1024-24px.png */ = {isa = PBXFileReference; lastKnownFileType = image.png; path = "AppIcon-1024-24px.png"; sourceTree = "<group>"; };
		310A4C5E2B630DF238F0BD3A /* signature-01-cleave.svg */ = {isa = PBXFileReference; path = "signature-01-cleave.svg"; sourceTree = "<group>"; };
		32B42F3F7D80F849E5D030A2 /* memory-02-fuse.svg.png */ = {isa = PBXFileReference; lastKnownFileType = image.png; path = "memory-02-fuse.svg.png"; sourceTree = "<group>"; };
		356AF23C20B8EF092CB5FBF2 /* AppIcon-1024.png */ = {isa = PBXFileReference; lastKnownFileType = image.png; path = "AppIcon-1024.png"; sourceTree = "<group>"; };
		365D4F04F79DD343A1B2E5AE /* ProcessListModel.swift */ = {isa = PBXFileReference; lastKnownFileType = sourcecode.swift; path = ProcessListModel.swift; sourceTree = "<group>"; };
		3AFA0949201B20452C614292 /* cell-7.png */ = {isa = PBXFileReference; lastKnownFileType = image.png; path = "cell-7.png"; sourceTree = "<group>"; };
		40A6658C9CEAB4CDFD74A9A4 /* structure-03-cut-corner.svg */ = {isa = PBXFileReference; path = "structure-03-cut-corner.svg"; sourceTree = "<group>"; };
		43B5BB53CABF75E76E5C3ACE /* MenuBarIconRenderer.swift */ = {isa = PBXFileReference; lastKnownFileType = sourcecode.swift; path = MenuBarIconRenderer.swift; sourceTree = "<group>"; };
		4946535F65EF01B6AF03EAB2 /* ArgumentCache.swift */ = {isa = PBXFileReference; lastKnownFileType = sourcecode.swift; path = ArgumentCache.swift; sourceTree = "<group>"; };
		4A87FCE64F04EFA838D052D4 /* PanelPlacementTests.swift */ = {isa = PBXFileReference; lastKnownFileType = sourcecode.swift; path = PanelPlacementTests.swift; sourceTree = "<group>"; };
		4B9BA16EBF96F1817AD833DF /* direction-05-pressed-chip-cell-corrected.png */ = {isa = PBXFileReference; lastKnownFileType = image.png; path = "direction-05-pressed-chip-cell-corrected.png"; sourceTree = "<group>"; };
		4C21B9BEF3BDC0545CDFB82C /* memory-02-fuse.svg */ = {isa = PBXFileReference; path = "memory-02-fuse.svg"; sourceTree = "<group>"; };
		4C827067959B97A55CD7239E /* TableMetricPresentationTests.swift */ = {isa = PBXFileReference; lastKnownFileType = sourcecode.swift; path = TableMetricPresentationTests.swift; sourceTree = "<group>"; };
		4C8C0A454E780E565D037CF2 /* NetworkListModel.swift */ = {isa = PBXFileReference; lastKnownFileType = sourcecode.swift; path = NetworkListModel.swift; sourceTree = "<group>"; };
		4E30945C03E03E44441BFAFC /* PRODUCT_CONTRACT.md */ = {isa = PBXFileReference; lastKnownFileType = net.daringfireball.markdown; path = PRODUCT_CONTRACT.md; sourceTree = "<group>"; };
		51738DD6AFE6E863657108D5 /* cell-1.png */ = {isa = PBXFileReference; lastKnownFileType = image.png; path = "cell-1.png"; sourceTree = "<group>"; };
		56E4801C7CB5A7716F297EC8 /* AppPreferences.swift */ = {isa = PBXFileReference; lastKnownFileType = sourcecode.swift; path = AppPreferences.swift; sourceTree = "<group>"; };
		595E3CD48730584F55218D0A /* AGENTS.md */ = {isa = PBXFileReference; lastKnownFileType = net.daringfireball.markdown; path = AGENTS.md; sourceTree = "<group>"; };
		5AF491088A9A1A52A4595AB1 /* ProcessRowView.swift */ = {isa = PBXFileReference; lastKnownFileType = sourcecode.swift; path = ProcessRowView.swift; sourceTree = "<group>"; };
		5E77B704DD391289CE6726FA /* structures-3up-2026-08-30.svg */ = {isa = PBXFileReference; path = "structures-3up-2026-08-30.svg"; sourceTree = "<group>"; };
		5FCAB89774CAC46F79B1F62D /* Base.xcconfig */ = {isa = PBXFileReference; lastKnownFileType = text.xcconfig; path = Base.xcconfig; sourceTree = "<group>"; };
		607A23973CC5CCF86C3F96A8 /* README.zh-CN.md */ = {isa = PBXFileReference; lastKnownFileType = net.daringfireball.markdown; path = "README.zh-CN.md"; sourceTree = "<group>"; };
		60CB514256F11A7F0EE8BC43 /* directions-3x3-2026-08-30-v4.png */ = {isa = PBXFileReference; lastKnownFileType = image.png; path = "directions-3x3-2026-08-30-v4.png"; sourceTree = "<group>"; };
		6270AD70FC6BE1A5CF367AB0 /* Release.xcconfig */ = {isa = PBXFileReference; lastKnownFileType = text.xcconfig; path = Release.xcconfig; sourceTree = "<group>"; };
		630C636825787AE8EB28CD29 /* StatusItemController.swift */ = {isa = PBXFileReference; lastKnownFileType = sourcecode.swift; path = StatusItemController.swift; sourceTree = "<group>"; };
		634E6E849F3A5925A35E1993 /* direction-05-chip-switch-variants-3x3-2026-08-30.png */ = {isa = PBXFileReference; lastKnownFileType = image.png; path = "direction-05-chip-switch-variants-3x3-2026-08-30.png"; sourceTree = "<group>"; };
		65697B2291E3899326D3A89D /* AppIcon-1024-180px.png */ = {isa = PBXFileReference; lastKnownFileType = image.png; path = "AppIcon-1024-180px.png"; sourceTree = "<group>"; };
		66174A6CF1776BBF11FAD2F8 /* directions-3x3-2026-08-30-v3.png */ = {isa = PBXFileReference; lastKnownFileType = image.png; path = "directions-3x3-2026-08-30-v3.png"; sourceTree = "<group>"; };
		68FABF29E6053809A351975E /* OPERATIONS_GUIDE.md */ = {isa = PBXFileReference; lastKnownFileType = net.daringfireball.markdown; path = OPERATIONS_GUIDE.md; sourceTree = "<group>"; };
		6B7EF4D0C9676D2178080356 /* signature-02-burnout.svg */ = {isa = PBXFileReference; path = "signature-02-burnout.svg"; sourceTree = "<group>"; };
		6D5FF9CBF2F0EF99C7CEC5D5 /* structure-03-cut-corner.svg.png */ = {isa = PBXFileReference; lastKnownFileType = image.png; path = "structure-03-cut-corner.svg.png"; sourceTree = "<group>"; };
		6E3D4A226A0F41E0E5076D62 /* direction-05-pressed-chip-cell.png */ = {isa = PBXFileReference; lastKnownFileType = image.png; path = "direction-05-pressed-chip-cell.png"; sourceTree = "<group>"; };
		71EFBE74061D68CDE0F9E1E6 /* direction-05-pressed-chip-white-1024-48px.png */ = {isa = PBXFileReference; lastKnownFileType = image.png; path = "direction-05-pressed-chip-white-1024-48px.png"; sourceTree = "<group>"; };
		7331129D52004F408C600119 /* structure-03-cut-corner.svg.png */ = {isa = PBXFileReference; lastKnownFileType = image.png; path = "structure-03-cut-corner.svg.png"; sourceTree = "<group>"; };
		73C1806B74E76AA3DF5F6C05 /* ProcessTerminator.swift */ = {isa = PBXFileReference; lastKnownFileType = sourcecode.swift; path = ProcessTerminator.swift; sourceTree = "<group>"; };
		73E99F9BB4EF72E869D82B1A /* directions-3x3.png */ = {isa = PBXFileReference; lastKnownFileType = image.png; path = "directions-3x3.png"; sourceTree = "<group>"; };
		77048BCD610C858E36A7E970 /* structure-02-outline.svg.png */ = {isa = PBXFileReference; lastKnownFileType = image.png; path = "structure-02-outline.svg.png"; sourceTree = "<group>"; };
		7A9D6017D7D426836601A6AC /* CPUKiller.app */ = {isa = PBXFileReference; explicitFileType = wrapper.application; includeInIndex = 0; path = CPUKiller.app; sourceTree = BUILT_PRODUCTS_DIR; };
		7C9582C59833FA073D6139B8 /* PanelPlacement.swift */ = {isa = PBXFileReference; lastKnownFileType = sourcecode.swift; path = PanelPlacement.swift; sourceTree = "<group>"; };
		7EBA4B41D72E01B577664FA8 /* direction-05-pressed-chip-white-1024.png */ = {isa = PBXFileReference; lastKnownFileType = image.png; path = "direction-05-pressed-chip-white-1024.png"; sourceTree = "<group>"; };
		8426D6E9C976724BA9DC7677 /* ProcessRow.swift */ = {isa = PBXFileReference; lastKnownFileType = sourcecode.swift; path = ProcessRow.swift; sourceTree = "<group>"; };
		850565F5EFA8715213F743F0 /* ProcessSampler.swift */ = {isa = PBXFileReference; lastKnownFileType = sourcecode.swift; path = ProcessSampler.swift; sourceTree = "<group>"; };
		8E1C0750E6F468971B26F402 /* cell-4.png */ = {isa = PBXFileReference; lastKnownFileType = image.png; path = "cell-4.png"; sourceTree = "<group>"; };
		8FB86B1C8E56C3F0071419A4 /* Debug.xcconfig */ = {isa = PBXFileReference; lastKnownFileType = text.xcconfig; path = Debug.xcconfig; sourceTree = "<group>"; };
		90C435D7D64B08B2CA4B0B13 /* ProcessNetworkSampler.swift */ = {isa = PBXFileReference; lastKnownFileType = sourcecode.swift; path = ProcessNetworkSampler.swift; sourceTree = "<group>"; };
		91EA6146CD563587191F8731 /* structure-02-outline.svg */ = {isa = PBXFileReference; path = "structure-02-outline.svg"; sourceTree = "<group>"; };
		92B64E321FCE54B3F993F14A /* structure-01-24.png */ = {isa = PBXFileReference; lastKnownFileType = image.png; path = "structure-01-24.png"; sourceTree = "<group>"; };
		94F0BEF6322F4F4DDDB8C79A /* CPUKillerTests.xctest */ = {isa = PBXFileReference; explicitFileType = wrapper.cfbundle; includeInIndex = 0; path = CPUKillerTests.xctest; sourceTree = BUILT_PRODUCTS_DIR; };
		9DB638CD2CC95FC52214DC31 /* NetworkRowView.swift */ = {isa = PBXFileReference; lastKnownFileType = sourcecode.swift; path = NetworkRowView.swift; sourceTree = "<group>"; };
		9E7B9CB336505DDDE67CA159 /* app-icon.png */ = {isa = PBXFileReference; lastKnownFileType = image.png; path = "app-icon.png"; sourceTree = "<group>"; };
		A1D0C23235842ADAD0B264BB /* NetworkSpeedMonitorTests.swift */ = {isa = PBXFileReference; lastKnownFileType = sourcecode.swift; path = NetworkSpeedMonitorTests.swift; sourceTree = "<group>"; };
		A2932540A7996348733276EB /* CPUKillerApp.swift */ = {isa = PBXFileReference; lastKnownFileType = sourcecode.swift; path = CPUKillerApp.swift; sourceTree = "<group>"; };
		A435367524D80B46BE04A0BA /* signature-01-cleave.svg.png */ = {isa = PBXFileReference; lastKnownFileType = image.png; path = "signature-01-cleave.svg.png"; sourceTree = "<group>"; };
		A45D243421350C8EC331A713 /* panel.png */ = {isa = PBXFileReference; lastKnownFileType = image.png; path = panel.png; sourceTree = "<group>"; };
		A662EC0B5356C1737FFFC463 /* memory-03-clamp.svg.png */ = {isa = PBXFileReference; lastKnownFileType = image.png; path = "memory-03-clamp.svg.png"; sourceTree = "<group>"; };
		A70BF56DB83E05D40BBF3587 /* MENU_BAR_INTERACTION_KNOWLEDGE_BASE.md */ = {isa = PBXFileReference; lastKnownFileType = net.daringfireball.markdown; path = MENU_BAR_INTERACTION_KNOWLEDGE_BASE.md; sourceTree = "<group>"; };
		A933ABEB0CA02B5B138A3FBE /* signature-02-burnout.svg.png */ = {isa = PBXFileReference; lastKnownFileType = image.png; path = "signature-02-burnout.svg.png"; sourceTree = "<group>"; };
		ABE78085F80B47A3480E23D4 /* structure-01-48.png */ = {isa = PBXFileReference; lastKnownFileType = image.png; path = "structure-01-48.png"; sourceTree = "<group>"; };
		AC00C16C7807A2C5299EC3F6 /* SettingsView.swift */ = {isa = PBXFileReference; lastKnownFileType = sourcecode.swift; path = SettingsView.swift; sourceTree = "<group>"; };
		AE8A8983048070083B1CF37B /* direction-04-variants-3x3-2026-08-30.png */ = {isa = PBXFileReference; lastKnownFileType = image.png; path = "direction-04-variants-3x3-2026-08-30.png"; sourceTree = "<group>"; };
		B4D697868B8C4C4FB7E751EA /* TableRowPinning.swift */ = {isa = PBXFileReference; lastKnownFileType = sourcecode.swift; path = TableRowPinning.swift; sourceTree = "<group>"; };
		B93CF26C8A5AF2312AC91E8D /* LICENSE */ = {isa = PBXFileReference; path = LICENSE; sourceTree = "<group>"; };
		B9BB8ACCA9931CE2D51A3819 /* Responsibility.swift */ = {isa = PBXFileReference; lastKnownFileType = sourcecode.swift; path = Responsibility.swift; sourceTree = "<group>"; };
		B9E1366C77E16E46FEE04FB5 /* direction-05-pressed-chip-white-1024-24px.png */ = {isa = PBXFileReference; lastKnownFileType = image.png; path = "direction-05-pressed-chip-white-1024-24px.png"; sourceTree = "<group>"; };
		BA376E09F998D8B403EABBE8 /* CLAUDE.md */ = {isa = PBXFileReference; lastKnownFileType = net.daringfireball.markdown; path = CLAUDE.md; sourceTree = "<group>"; };
		BB4D7CAC5CAA2C67E444C49A /* cell-2.png */ = {isa = PBXFileReference; lastKnownFileType = image.png; path = "cell-2.png"; sourceTree = "<group>"; };
		BC896EA0911E12A2ADE04CFC /* structure-03-cut-corner.svg.png */ = {isa = PBXFileReference; lastKnownFileType = image.png; path = "structure-03-cut-corner.svg.png"; sourceTree = "<group>"; };
		BDB4FEC9FD49FC80092D552F /* NetworkTableView.swift */ = {isa = PBXFileReference; lastKnownFileType = sourcecode.swift; path = NetworkTableView.swift; sourceTree = "<group>"; };
		BF157ECFB89E862C257EFCA6 /* Info.plist */ = {isa = PBXFileReference; lastKnownFileType = text.plist; path = Info.plist; sourceTree = "<group>"; };
		C28E57111216BE8AC29859B6 /* structure-02-180.png */ = {isa = PBXFileReference; lastKnownFileType = image.png; path = "structure-02-180.png"; sourceTree = "<group>"; };
		C441948E70D0B78890B3A66C /* chip.svg */ = {isa = PBXFileReference; path = chip.svg; sourceTree = "<group>"; };
		CAB5B582A7DF94BFC70FCB69 /* NetworkProcessRow.swift */ = {isa = PBXFileReference; lastKnownFileType = sourcecode.swift; path = NetworkProcessRow.swift; sourceTree = "<group>"; };
		CAC98CA1782AB031C6EAC66A /* cell-8.png */ = {isa = PBXFileReference; lastKnownFileType = image.png; path = "cell-8.png"; sourceTree = "<group>"; };
		CAD4C4E2282ED612A1821E33 /* direction-05-chip-switch-cell.png */ = {isa = PBXFileReference; lastKnownFileType = image.png; path = "direction-05-chip-switch-cell.png"; sourceTree = "<group>"; };
		CB62C8CC4EB1C1259A42E739 /* structure-01-solid.svg */ = {isa = PBXFileReference; path = "structure-01-solid.svg"; sourceTree = "<group>"; };
		CF91A454F2B86BD134FF22D0 /* directions-3x3-2026-08-30-v2.png */ = {isa = PBXFileReference; lastKnownFileType = image.png; path = "directions-3x3-2026-08-30-v2.png"; sourceTree = "<group>"; };
		D10818650EE172CE1687BB1A /* cell-5.png */ = {isa = PBXFileReference; lastKnownFileType = image.png; path = "cell-5.png"; sourceTree = "<group>"; };
		D3F79950444A720A91EAEF8B /* MonitorTableRowChrome.swift */ = {isa = PBXFileReference; lastKnownFileType = sourcecode.swift; path = MonitorTableRowChrome.swift; sourceTree = "<group>"; };
		D4EA22790A2FFE97905AEA33 /* APP_ICON_EXPLORATION.md */ = {isa = PBXFileReference; lastKnownFileType = net.daringfireball.markdown; path = APP_ICON_EXPLORATION.md; sourceTree = "<group>"; };
		D5AB151AE373775BA696DA5F /* structure-01-solid.svg.png */ = {isa = PBXFileReference; lastKnownFileType = image.png; path = "structure-01-solid.svg.png"; sourceTree = "<group>"; };
		DA54B6512E7D890487574C7E /* memory-01-slash.svg */ = {isa = PBXFileReference; path = "memory-01-slash.svg"; sourceTree = "<group>"; };
		DC5242759A673D3BA075E364 /* cell-9.png */ = {isa = PBXFileReference; lastKnownFileType = image.png; path = "cell-9.png"; sourceTree = "<group>"; };
		DDEF67A05473B9B81E737CCA /* CompactPanel.swift */ = {isa = PBXFileReference; lastKnownFileType = sourcecode.swift; path = CompactPanel.swift; sourceTree = "<group>"; };
		DECB21C7FF4C7087EBE6269D /* Assets.xcassets */ = {isa = PBXFileReference; lastKnownFileType = folder.assetcatalog; path = Assets.xcassets; sourceTree = "<group>"; };
		E08BC62B3BFE9EE7055C2C48 /* signature-03-crush.svg.png */ = {isa = PBXFileReference; lastKnownFileType = image.png; path = "signature-03-crush.svg.png"; sourceTree = "<group>"; };
		E0AF7060702E88C0F3E13134 /* cell-3.png */ = {isa = PBXFileReference; lastKnownFileType = image.png; path = "cell-3.png"; sourceTree = "<group>"; };
		E5F7C4AD5459611B7C2FF252 /* Localizable.xcstrings */ = {isa = PBXFileReference; lastKnownFileType = text.json.xcstrings; path = Localizable.xcstrings; sourceTree = "<group>"; };
		E69580ED9F99C4C8F906700F /* NetworkSpeedMonitor.swift */ = {isa = PBXFileReference; lastKnownFileType = sourcecode.swift; path = NetworkSpeedMonitor.swift; sourceTree = "<group>"; };
		EC7D1456984849E86DA0E199 /* direction-05-pressed-chip-white-1024-180px.png */ = {isa = PBXFileReference; lastKnownFileType = image.png; path = "direction-05-pressed-chip-white-1024-180px.png"; sourceTree = "<group>"; };
		EDD7A45ACDDB5FF6339F3304 /* DisplayClassifier.swift */ = {isa = PBXFileReference; lastKnownFileType = sourcecode.swift; path = DisplayClassifier.swift; sourceTree = "<group>"; };
		F21B8F4A62D9BCEB60D3B081 /* PROCESS_MONITORING_AND_TERMINATION_KNOWLEDGE_BASE.md */ = {isa = PBXFileReference; lastKnownFileType = net.daringfireball.markdown; path = PROCESS_MONITORING_AND_TERMINATION_KNOWLEDGE_BASE.md; sourceTree = "<group>"; };
		F30AFE8F0A970409C50B06D8 /* LaunchAtLoginManager.swift */ = {isa = PBXFileReference; lastKnownFileType = sourcecode.swift; path = LaunchAtLoginManager.swift; sourceTree = "<group>"; };
		F9059CF651F786CCFDB7D422 /* ProcessTableRankingTests.swift */ = {isa = PBXFileReference; lastKnownFileType = sourcecode.swift; path = ProcessTableRankingTests.swift; sourceTree = "<group>"; };
		F99A67736DD5BFBA125E9666 /* x-mark.svg */ = {isa = PBXFileReference; path = "x-mark.svg"; sourceTree = "<group>"; };
		FDE1BD7CDF47571B6E26876C /* structure-02-48.png */ = {isa = PBXFileReference; lastKnownFileType = image.png; path = "structure-02-48.png"; sourceTree = "<group>"; };
/* End PBXFileReference section */

/* Begin PBXFrameworksBuildPhase section */
		77B920B372D6DCFCEFA954B5 /* Frameworks */ = {
			isa = PBXFrameworksBuildPhase;
			buildActionMask = 2147483647;
			files = (
				9711C3CB951F34D3621B3F5A /* MacKitCore in Frameworks */,
			);
			runOnlyForDeploymentPostprocessing = 0;
		};
		A0FE2529352827DC66541FF6 /* Frameworks */ = {
			isa = PBXFrameworksBuildPhase;
			buildActionMask = 2147483647;
			files = (
				BC6E2557E00B0F912B26EE41 /* Sparkle in Frameworks */,
				E9BBAAB18D6CB56429374A59 /* MacKitCore in Frameworks */,
				E0DD113965DE12965ACD3A43 /* MacKitLaunchAtLogin in Frameworks */,
				E72C83C65BAC0ADDCCD57D5E /* MacKitLifecycle in Frameworks */,
				D0D33EC150B1492AA9A391DF /* MacKitOverlay in Frameworks */,
				6EB525F29EA712407BBA45C1 /* MacKitUpdater in Frameworks */,
			);
			runOnlyForDeploymentPostprocessing = 0;
		};
/* End PBXFrameworksBuildPhase section */

/* Begin PBXGroup section */
		128C93630BDC068A2F340A45 = {
			isa = PBXGroup;
			children = (
				623BCAA4CE24EB2C0DC7422E /* Configuration */,
				8BEFE0E486E861B47773CE96 /* CPUKiller */,
				63088BC84D85BE6000114F01 /* CPUKillerTests */,
				B68CE8F08B1E22927D7C8597 /* design */,
				BED6776825389A4471EC75EC /* docs */,
				595E3CD48730584F55218D0A /* AGENTS.md */,
				BA376E09F998D8B403EABBE8 /* CLAUDE.md */,
				B93CF26C8A5AF2312AC91E8D /* LICENSE */,
				0564CB75981F5811EA24EBCB /* README.md */,
				607A23973CC5CCF86C3F96A8 /* README.zh-CN.md */,
				4819AB481B6D2CCC7D8DCB63 /* Products */,
			);
			sourceTree = "<group>";
		};
		2A9E60B6D684C020419033CD /* structures-2026-08-30-refresh */ = {
			isa = PBXGroup;
			children = (
				BC896EA0911E12A2ADE04CFC /* structure-03-cut-corner.svg.png */,
			);
			path = "structures-2026-08-30-refresh";
			sourceTree = "<group>";
		};
		30249E68E1DB0183CD40B34B /* app-icon */ = {
			isa = PBXGroup;
			children = (
				9FBEC292D2A78D58BC502C12 /* explorations */,
				DFB25A896A781171B927C120 /* source */,
				356AF23C20B8EF092CB5FBF2 /* AppIcon-1024.png */,
			);
			path = "app-icon";
			sourceTree = "<group>";
		};
		42D3C5A7F9080516DB2EF9C6 /* design */ = {
			isa = PBXGroup;
			children = (
				D4EA22790A2FFE97905AEA33 /* APP_ICON_EXPLORATION.md */,
			);
			path = design;
			sourceTree = "<group>";
		};
		4819AB481B6D2CCC7D8DCB63 /* Products */ = {
			isa = PBXGroup;
			children = (
				7A9D6017D7D426836601A6AC /* CPUKiller.app */,
				94F0BEF6322F4F4DDDB8C79A /* CPUKillerTests.xctest */,
			);
			name = Products;
			sourceTree = "<group>";
		};
		49A0365B34AC2BBD3BE93873 /* contrast-previews */ = {
			isa = PBXGroup;
			children = (
				2E5E9567BAD9221DE26F8ACA /* AppIcon-1024-24px.png */,
				0AFE02A005B7A290F533AE17 /* AppIcon-1024-48px.png */,
				65697B2291E3899326D3A89D /* AppIcon-1024-180px.png */,
			);
			path = "contrast-previews";
			sourceTree = "<group>";
		};
		4E54E3E56400D5350C2C9B33 /* Views */ = {
			isa = PBXGroup;
			children = (
				D3F79950444A720A91EAEF8B /* MonitorTableRowChrome.swift */,
				9DB638CD2CC95FC52214DC31 /* NetworkRowView.swift */,
				BDB4FEC9FD49FC80092D552F /* NetworkTableView.swift */,
				5AF491088A9A1A52A4595AB1 /* ProcessRowView.swift */,
				1F23270B1264FEA9ADB1AA40 /* ProcessTableView.swift */,
				AC00C16C7807A2C5299EC3F6 /* SettingsView.swift */,
			);
			path = Views;
			sourceTree = "<group>";
		};
		5FEE95385B62205D2E6458FE /* Models */ = {
			isa = PBXGroup;
			children = (
				CAB5B582A7DF94BFC70FCB69 /* NetworkProcessRow.swift */,
				8426D6E9C976724BA9DC7677 /* ProcessRow.swift */,
			);
			path = Models;
			sourceTree = "<group>";
		};
		623BCAA4CE24EB2C0DC7422E /* Configuration */ = {
			isa = PBXGroup;
			children = (
				5FCAB89774CAC46F79B1F62D /* Base.xcconfig */,
				8FB86B1C8E56C3F0071419A4 /* Debug.xcconfig */,
				6270AD70FC6BE1A5CF367AB0 /* Release.xcconfig */,
			);
			path = Configuration;
			sourceTree = "<group>";
		};
		63088BC84D85BE6000114F01 /* CPUKillerTests */ = {
			isa = PBXGroup;
			children = (
				191CDF303A18529297E4ADC4 /* DisplayClassifierTests.swift */,
				A1D0C23235842ADAD0B264BB /* NetworkSpeedMonitorTests.swift */,
				0E3B10C2DB2C0DE6C0A9FE7C /* NetworkTableTests.swift */,
				4A87FCE64F04EFA838D052D4 /* PanelPlacementTests.swift */,
				F9059CF651F786CCFDB7D422 /* ProcessTableRankingTests.swift */,
				4C827067959B97A55CD7239E /* TableMetricPresentationTests.swift */,
			);
			path = CPUKillerTests;
			sourceTree = "<group>";
		};
		7926020E2ECAE59E16E9DB09 /* images */ = {
			isa = PBXGroup;
			children = (
				9E7B9CB336505DDDE67CA159 /* app-icon.png */,
				A45D243421350C8EC331A713 /* panel.png */,
			);
			path = images;
			sourceTree = "<group>";
		};
		86CE379FC3E2238A05D36B02 /* Services */ = {
			isa = PBXGroup;
			children = (
				4946535F65EF01B6AF03EAB2 /* ArgumentCache.swift */,
				23FEF0921350AE0DDF68D8CC /* CPUTime.swift */,
				EDD7A45ACDDB5FF6339F3304 /* DisplayClassifier.swift */,
				4C8C0A454E780E565D037CF2 /* NetworkListModel.swift */,
				E69580ED9F99C4C8F906700F /* NetworkSpeedMonitor.swift */,
				365D4F04F79DD343A1B2E5AE /* ProcessListModel.swift */,
				90C435D7D64B08B2CA4B0B13 /* ProcessNetworkSampler.swift */,
				850565F5EFA8715213F743F0 /* ProcessSampler.swift */,
				73C1806B74E76AA3DF5F6C05 /* ProcessTerminator.swift */,
				B9BB8ACCA9931CE2D51A3819 /* Responsibility.swift */,
				B4D697868B8C4C4FB7E751EA /* TableRowPinning.swift */,
			);
			path = Services;
			sourceTree = "<group>";
		};
		8BEFE0E486E861B47773CE96 /* CPUKiller */ = {
			isa = PBXGroup;
			children = (
				A2FDF2BD1AC722038ED4FCBC /* App */,
				5FEE95385B62205D2E6458FE /* Models */,
				86CE379FC3E2238A05D36B02 /* Services */,
				C22C1061C9A08275079FD3C5 /* StatusItem */,
				4E54E3E56400D5350C2C9B33 /* Views */,
				0FBCAAB79E9BD315D477C172 /* AppDelegate.swift */,
				DECB21C7FF4C7087EBE6269D /* Assets.xcassets */,
				2C57E4EA9252B5B9A0AAD0A1 /* CPUKiller.entitlements */,
				A2932540A7996348733276EB /* CPUKillerApp.swift */,
				BF157ECFB89E862C257EFCA6 /* Info.plist */,
				E5F7C4AD5459611B7C2FF252 /* Localizable.xcstrings */,
			);
			path = CPUKiller;
			sourceTree = "<group>";
		};
		9FBEC292D2A78D58BC502C12 /* explorations */ = {
			isa = PBXGroup;
			children = (
				49A0365B34AC2BBD3BE93873 /* contrast-previews */,
				A38E308DE49EB583321C6C83 /* direction-05-white-contrast-v2 */,
				B9A4FDD088704EADFDE07467 /* memory-2026-08-30 */,
				C77E89083CA07F58CB5BCFA7 /* signature-2026-08-30 */,
				E14993F57687356A6FD3DEBF /* structures-2026-08-30 */,
				2A9E60B6D684C020419033CD /* structures-2026-08-30-refresh */,
				EB028DED621BB439F9EE6EBB /* structures-2026-08-30-refresh-2 */,
				51738DD6AFE6E863657108D5 /* cell-1.png */,
				BB4D7CAC5CAA2C67E444C49A /* cell-2.png */,
				E0AF7060702E88C0F3E13134 /* cell-3.png */,
				8E1C0750E6F468971B26F402 /* cell-4.png */,
				D10818650EE172CE1687BB1A /* cell-5.png */,
				04DB53BE80CA611772E1E949 /* cell-6.png */,
				3AFA0949201B20452C614292 /* cell-7.png */,
				CAC98CA1782AB031C6EAC66A /* cell-8.png */,
				DC5242759A673D3BA075E364 /* cell-9.png */,
				1C1249599351E7C663355339 /* direction-04-silicon-wafer-cell.png */,
				AE8A8983048070083B1CF37B /* direction-04-variants-3x3-2026-08-30.png */,
				CAD4C4E2282ED612A1821E33 /* direction-05-chip-switch-cell.png */,
				634E6E849F3A5925A35E1993 /* direction-05-chip-switch-variants-3x3-2026-08-30.png */,
				4B9BA16EBF96F1817AD833DF /* direction-05-pressed-chip-cell-corrected.png */,
				6E3D4A226A0F41E0E5076D62 /* direction-05-pressed-chip-cell.png */,
				7EBA4B41D72E01B577664FA8 /* direction-05-pressed-chip-white-1024.png */,
				CF91A454F2B86BD134FF22D0 /* directions-3x3-2026-08-30-v2.png */,
				66174A6CF1776BBF11FAD2F8 /* directions-3x3-2026-08-30-v3.png */,
				60CB514256F11A7F0EE8BC43 /* directions-3x3-2026-08-30-v4.png */,
				0C819D547BA96979B6D22972 /* directions-3x3-2026-08-30.png */,
				73E99F9BB4EF72E869D82B1A /* directions-3x3.png */,
			);
			path = explorations;
			sourceTree = "<group>";
		};
		A2FDF2BD1AC722038ED4FCBC /* App */ = {
			isa = PBXGroup;
			children = (
				56E4801C7CB5A7716F297EC8 /* AppPreferences.swift */,
				F30AFE8F0A970409C50B06D8 /* LaunchAtLoginManager.swift */,
				0D6D6F8C2EA33ED422D88C02 /* SettingsWindowController.swift */,
			);
			path = App;
			sourceTree = "<group>";
		};
		A38E308DE49EB583321C6C83 /* direction-05-white-contrast-v2 */ = {
			isa = PBXGroup;
			children = (
				B9E1366C77E16E46FEE04FB5 /* direction-05-pressed-chip-white-1024-24px.png */,
				71EFBE74061D68CDE0F9E1E6 /* direction-05-pressed-chip-white-1024-48px.png */,
				EC7D1456984849E86DA0E199 /* direction-05-pressed-chip-white-1024-180px.png */,
			);
			path = "direction-05-white-contrast-v2";
			sourceTree = "<group>";
		};
		AE4596AA387A3CA39049CBEF /* small */ = {
			isa = PBXGroup;
			children = (
				92B64E321FCE54B3F993F14A /* structure-01-24.png */,
				ABE78085F80B47A3480E23D4 /* structure-01-48.png */,
				16A5728364824FAF750166B9 /* structure-01-180.png */,
				180F2A8B1A7D5605AAF2AFDD /* structure-02-24.png */,
				FDE1BD7CDF47571B6E26876C /* structure-02-48.png */,
				C28E57111216BE8AC29859B6 /* structure-02-180.png */,
				07A580CA11D4701826FB7A52 /* structure-03-24.png */,
				16C4102BB1446C4F594D7870 /* structure-03-48.png */,
				276C25FF7E1337AF826F1BD0 /* structure-03-180.png */,
			);
			path = small;
			sourceTree = "<group>";
		};
		B68CE8F08B1E22927D7C8597 /* design */ = {
			isa = PBXGroup;
			children = (
				30249E68E1DB0183CD40B34B /* app-icon */,
			);
			path = design;
			sourceTree = "<group>";
		};
		B9A4FDD088704EADFDE07467 /* memory-2026-08-30 */ = {
			isa = PBXGroup;
			children = (
				1874EF05E04D70C560BDF649 /* memory-01-slash.svg.png */,
				32B42F3F7D80F849E5D030A2 /* memory-02-fuse.svg.png */,
				A662EC0B5356C1737FFFC463 /* memory-03-clamp.svg.png */,
			);
			path = "memory-2026-08-30";
			sourceTree = "<group>";
		};
		BED6776825389A4471EC75EC /* docs */ = {
			isa = PBXGroup;
			children = (
				42D3C5A7F9080516DB2EF9C6 /* design */,
				7926020E2ECAE59E16E9DB09 /* images */,
				2BBE01D6CA87D362EFA86CED /* DISTRIBUTION_AND_UPDATE_KNOWLEDGE_BASE.md */,
				A70BF56DB83E05D40BBF3587 /* MENU_BAR_INTERACTION_KNOWLEDGE_BASE.md */,
				68FABF29E6053809A351975E /* OPERATIONS_GUIDE.md */,
				F21B8F4A62D9BCEB60D3B081 /* PROCESS_MONITORING_AND_TERMINATION_KNOWLEDGE_BASE.md */,
				4E30945C03E03E44441BFAFC /* PRODUCT_CONTRACT.md */,
			);
			path = docs;
			sourceTree = "<group>";
		};
		C22C1061C9A08275079FD3C5 /* StatusItem */ = {
			isa = PBXGroup;
			children = (
				DDEF67A05473B9B81E737CCA /* CompactPanel.swift */,
				43B5BB53CABF75E76E5C3ACE /* MenuBarIconRenderer.swift */,
				7C9582C59833FA073D6139B8 /* PanelPlacement.swift */,
				630C636825787AE8EB28CD29 /* StatusItemController.swift */,
			);
			path = StatusItem;
			sourceTree = "<group>";
		};
		C77E89083CA07F58CB5BCFA7 /* signature-2026-08-30 */ = {
			isa = PBXGroup;
			children = (
				A435367524D80B46BE04A0BA /* signature-01-cleave.svg.png */,
				A933ABEB0CA02B5B138A3FBE /* signature-02-burnout.svg.png */,
				E08BC62B3BFE9EE7055C2C48 /* signature-03-crush.svg.png */,
			);
			path = "signature-2026-08-30";
			sourceTree = "<group>";
		};
		DFB25A896A781171B927C120 /* source */ = {
			isa = PBXGroup;
			children = (
				C441948E70D0B78890B3A66C /* chip.svg */,
				DA54B6512E7D890487574C7E /* memory-01-slash.svg */,
				4C21B9BEF3BDC0545CDFB82C /* memory-02-fuse.svg */,
				1A7A864C80A573A266FC39DD /* memory-03-clamp.svg */,
				310A4C5E2B630DF238F0BD3A /* signature-01-cleave.svg */,
				6B7EF4D0C9676D2178080356 /* signature-02-burnout.svg */,
				23D362FC3B27803FE1E577DA /* signature-03-crush.svg */,
				CB62C8CC4EB1C1259A42E739 /* structure-01-solid.svg */,
				91EA6146CD563587191F8731 /* structure-02-outline.svg */,
				40A6658C9CEAB4CDFD74A9A4 /* structure-03-cut-corner.svg */,
				5E77B704DD391289CE6726FA /* structures-3up-2026-08-30.svg */,
				F99A67736DD5BFBA125E9666 /* x-mark.svg */,
			);
			path = source;
			sourceTree = "<group>";
		};
		E14993F57687356A6FD3DEBF /* structures-2026-08-30 */ = {
			isa = PBXGroup;
			children = (
				AE4596AA387A3CA39049CBEF /* small */,
				D5AB151AE373775BA696DA5F /* structure-01-solid.svg.png */,
				77048BCD610C858E36A7E970 /* structure-02-outline.svg.png */,
				6D5FF9CBF2F0EF99C7CEC5D5 /* structure-03-cut-corner.svg.png */,
				003B81F270E52B6B2802F0BE /* structures-3up-2026-08-30.svg.png */,
			);
			path = "structures-2026-08-30";
			sourceTree = "<group>";
		};
		EB028DED621BB439F9EE6EBB /* structures-2026-08-30-refresh-2 */ = {
			isa = PBXGroup;
			children = (
				7331129D52004F408C600119 /* structure-03-cut-corner.svg.png */,
			);
			path = "structures-2026-08-30-refresh-2";
			sourceTree = "<group>";
		};
/* End PBXGroup section */

/* Begin PBXNativeTarget section */
		76E864E7DA261171371D6D36 /* CPUKillerTests */ = {
			isa = PBXNativeTarget;
			buildConfigurationList = 43F9F41624744DA5BFF8CC7C /* Build configuration list for PBXNativeTarget "CPUKillerTests" */;
			buildPhases = (
				1A8F62B4B7100767D2300CCD /* Sources */,
				77B920B372D6DCFCEFA954B5 /* Frameworks */,
			);
			buildRules = (
			);
			dependencies = (
				0129630C22F922FE57740A11 /* PBXTargetDependency */,
			);
			name = CPUKillerTests;
			packageProductDependencies = (
				DD2529EB81227964B849E6ED /* MacKitCore */,
			);
			productName = CPUKillerTests;
			productReference = 94F0BEF6322F4F4DDDB8C79A /* CPUKillerTests.xctest */;
			productType = "com.apple.product-type.bundle.unit-test";
		};
		F0912C9B8F0F227F9BBACD16 /* CPUKiller */ = {
			isa = PBXNativeTarget;
			buildConfigurationList = 711FE003801D63035EE2C4F4 /* Build configuration list for PBXNativeTarget "CPUKiller" */;
			buildPhases = (
				544D3186C36BBA5E9E46408F /* Sources */,
				CF5D601E84DA378F54251283 /* Resources */,
				A0FE2529352827DC66541FF6 /* Frameworks */,
			);
			buildRules = (
			);
			dependencies = (
			);
			name = CPUKiller;
			packageProductDependencies = (
				ADF3C216231BCD4A17E120F8 /* Sparkle */,
				66252862EDD6E45D1FB86A75 /* MacKitCore */,
				D9E75377B8CE397B76492BA9 /* MacKitLaunchAtLogin */,
				53218DE61494621B5D7779CF /* MacKitLifecycle */,
				E49777B917595283C6C3A897 /* MacKitOverlay */,
				7F054543703ABEF28845640F /* MacKitUpdater */,
			);
			productName = CPUKiller;
			productReference = 7A9D6017D7D426836601A6AC /* CPUKiller.app */;
			productType = "com.apple.product-type.application";
		};
/* End PBXNativeTarget section */

/* Begin PBXProject section */
		B3DD57AE44AF1BBFA39FD57B /* Project object */ = {
			isa = PBXProject;
			attributes = {
				BuildIndependentTargetsInParallel = YES;
				LastUpgradeCheck = 2600;
				TargetAttributes = {
					76E864E7DA261171371D6D36 = {
						DevelopmentTeam = SHZQ3MWP3B;
						ProvisioningStyle = Automatic;
					};
					F0912C9B8F0F227F9BBACD16 = {
						DevelopmentTeam = SHZQ3MWP3B;
					};
				};
			};
			buildConfigurationList = 6CDC0ACB221B2461A090119A /* Build configuration list for PBXProject "CPUKiller" */;
			developmentRegion = en;
			hasScannedForEncodings = 0;
			knownRegions = (
				Base,
				en,
				"zh-Hans",
			);
			mainGroup = 128C93630BDC068A2F340A45;
			minimizedProjectReferenceProxies = 1;
			packageReferences = (
				C7DDD5430A027B2AE8804A54 /* XCRemoteSwiftPackageReference "mac-kit-swift" */,
				903EA6657BF95FD6ECEA936B /* XCRemoteSwiftPackageReference "Sparkle" */,
			);
			preferredProjectObjectVersion = 77;
			productRefGroup = 4819AB481B6D2CCC7D8DCB63 /* Products */;
			projectDirPath = "";
			projectRoot = "";
			targets = (
				F0912C9B8F0F227F9BBACD16 /* CPUKiller */,
				76E864E7DA261171371D6D36 /* CPUKillerTests */,
			);
		};
/* End PBXProject section */

/* Begin PBXResourcesBuildPhase section */
		CF5D601E84DA378F54251283 /* Resources */ = {
			isa = PBXResourcesBuildPhase;
			buildActionMask = 2147483647;
			files = (
				5A457C71EEF190ED256B295E /* Assets.xcassets in Resources */,
				ACD71ECEDD614C758F1C3EDF /* Localizable.xcstrings in Resources */,
			);
			runOnlyForDeploymentPostprocessing = 0;
		};
/* End PBXResourcesBuildPhase section */

/* Begin PBXSourcesBuildPhase section */
		1A8F62B4B7100767D2300CCD /* Sources */ = {
			isa = PBXSourcesBuildPhase;
			buildActionMask = 2147483647;
			files = (
				49FFEE17B561BC33D2893085 /* DisplayClassifierTests.swift in Sources */,
				C8D69B19D31F20F143DB5DE1 /* NetworkSpeedMonitorTests.swift in Sources */,
				653101A658121D67E1F29F18 /* NetworkTableTests.swift in Sources */,
				9C46E971CC52BD49F22F1BAC /* PanelPlacementTests.swift in Sources */,
				99A86BF401076A156168336D /* ProcessTableRankingTests.swift in Sources */,
				FDFE8E22522B403CE944A167 /* TableMetricPresentationTests.swift in Sources */,
			);
			runOnlyForDeploymentPostprocessing = 0;
		};
		544D3186C36BBA5E9E46408F /* Sources */ = {
			isa = PBXSourcesBuildPhase;
			buildActionMask = 2147483647;
			files = (
				20E6D875224F2DD2C7C2ACE6 /* AppDelegate.swift in Sources */,
				9273A81F32567F3811CF483E /* AppPreferences.swift in Sources */,
				6942E6CADB345C27370A4DD2 /* ArgumentCache.swift in Sources */,
				A53155F76D9873D02814E862 /* CPUKillerApp.swift in Sources */,
				75C423AB17E53F4D2FE5F028 /* CPUTime.swift in Sources */,
				02BBFCAB9FABABA0E3F61D94 /* CompactPanel.swift in Sources */,
				16F1ADB0BF1204413C63D8D3 /* DisplayClassifier.swift in Sources */,
				98708132793E114E4A5213A8 /* LaunchAtLoginManager.swift in Sources */,
				E9794DF90853929985A2F96A /* MenuBarIconRenderer.swift in Sources */,
				2A3FD6AF874DE9155BC98435 /* MonitorTableRowChrome.swift in Sources */,
				93BBF0B25AAE2D70A1111EE3 /* NetworkListModel.swift in Sources */,
				347B4F1B662100E6FDEF7632 /* NetworkProcessRow.swift in Sources */,
				4655E5D5DA3CC858F6DB0433 /* NetworkRowView.swift in Sources */,
				5723D31EC57BD63958141395 /* NetworkSpeedMonitor.swift in Sources */,
				0312185FC2939E491E5FA61B /* NetworkTableView.swift in Sources */,
				7829D73EE2AFEA60CA2AEE39 /* PanelPlacement.swift in Sources */,
				24FE51849EBE363903CF7B02 /* ProcessListModel.swift in Sources */,
				62E6E57E476FC5D726002743 /* ProcessNetworkSampler.swift in Sources */,
				FA0FE6FB8B52C7EBFBA95C97 /* ProcessRow.swift in Sources */,
				A9935018A9EE4667E6218E23 /* ProcessRowView.swift in Sources */,
				22047A33507D3B3DD9EC6B6D /* ProcessSampler.swift in Sources */,
				102E3AAE692AA9A5D4FAD7AA /* ProcessTableView.swift in Sources */,
				A7A5E07AD7C0CA5384B3E5FE /* ProcessTerminator.swift in Sources */,
				D70A13485584803019755316 /* Responsibility.swift in Sources */,
				B48918FA2D1245051BC348C5 /* SettingsView.swift in Sources */,
				AD72F35F38F6CD3446CEE5AA /* SettingsWindowController.swift in Sources */,
				A57E8EB7E88503A216099D5B /* StatusItemController.swift in Sources */,
				19797E6A89A642D9608CA117 /* TableRowPinning.swift in Sources */,
			);
			runOnlyForDeploymentPostprocessing = 0;
		};
/* End PBXSourcesBuildPhase section */

/* Begin PBXTargetDependency section */
		0129630C22F922FE57740A11 /* PBXTargetDependency */ = {
			isa = PBXTargetDependency;
			target = F0912C9B8F0F227F9BBACD16 /* CPUKiller */;
			targetProxy = 917E7DC20784FA696CEC666F /* PBXContainerItemProxy */;
		};
/* End PBXTargetDependency section */

/* Begin XCBuildConfiguration section */
		270AA5A6CD9C0DBF39D93CA7 /* Debug */ = {
			isa = XCBuildConfiguration;
			buildSettings = {
				ASSETCATALOG_COMPILER_APPICON_NAME = AppIcon;
				CODE_SIGN_ENTITLEMENTS = CPUKiller/CPUKiller.entitlements;
				COMBINE_HIDPI_IMAGES = YES;
				GENERATE_INFOPLIST_FILE = YES;
				INFOPLIST_FILE = CPUKiller/Info.plist;
				INFOPLIST_KEY_CFBundleDisplayName = "CPU Killer";
				INFOPLIST_KEY_CFBundleName = "CPU Killer";
				INFOPLIST_KEY_LSApplicationCategoryType = "public.app-category.utilities";
				INFOPLIST_KEY_LSUIElement = YES;
				INFOPLIST_KEY_NSHumanReadableCopyright = "Copyright © 2026 x0c. Released under the MIT License.";
				INFOPLIST_KEY_NSMainStoryboardFile = "";
				INFOPLIST_KEY_NSPrincipalClass = NSApplication;
				LD_RUNPATH_SEARCH_PATHS = (
					"$(inherited)",
					"@executable_path/../Frameworks",
				);
				MACOSX_DEPLOYMENT_TARGET = 26.0;
				PRODUCT_BUNDLE_IDENTIFIER = top.caozc.CPUKiller;
				PRODUCT_MODULE_NAME = CPUKiller;
				PRODUCT_NAME = "CPU Killer";
				SDKROOT = macosx;
			};
			name = Debug;
		};
		2C7F8E579858DD34DB026DBE /* Release */ = {
			isa = XCBuildConfiguration;
			baseConfigurationReference = 6270AD70FC6BE1A5CF367AB0 /* Release.xcconfig */;
			buildSettings = {
				ALWAYS_SEARCH_USER_PATHS = NO;
				ASSETCATALOG_COMPILER_GENERATE_SWIFT_ASSET_SYMBOL_EXTENSIONS = YES;
				CLANG_ANALYZER_NONNULL = YES;
				CLANG_ANALYZER_NUMBER_OBJECT_CONVERSION = YES_AGGRESSIVE;
				CLANG_CXX_LANGUAGE_STANDARD = "gnu++14";
				CLANG_CXX_LIBRARY = "libc++";
				CLANG_ENABLE_MODULES = YES;
				CLANG_ENABLE_OBJC_ARC = YES;
				CLANG_ENABLE_OBJC_WEAK = YES;
				CLANG_WARN_BLOCK_CAPTURE_AUTORELEASING = YES;
				CLANG_WARN_BOOL_CONVERSION = YES;
				CLANG_WARN_COMMA = YES;
				CLANG_WARN_CONSTANT_CONVERSION = YES;
				CLANG_WARN_DEPRECATED_OBJC_IMPLEMENTATIONS = YES;
				CLANG_WARN_DIRECT_OBJC_ISA_USAGE = YES_ERROR;
				CLANG_WARN_DOCUMENTATION_COMMENTS = YES;
				CLANG_WARN_EMPTY_BODY = YES;
				CLANG_WARN_ENUM_CONVERSION = YES;
				CLANG_WARN_INFINITE_RECURSION = YES;
				CLANG_WARN_INT_CONVERSION = YES;
				CLANG_WARN_NON_LITERAL_NULL_CONVERSION = YES;
				CLANG_WARN_OBJC_IMPLICIT_RETAIN_SELF = YES;
				CLANG_WARN_OBJC_LITERAL_CONVERSION = YES;
				CLANG_WARN_OBJC_ROOT_CLASS = YES_ERROR;
				CLANG_WARN_QUOTED_INCLUDE_IN_FRAMEWORK_HEADER = YES;
				CLANG_WARN_RANGE_LOOP_ANALYSIS = YES;
				CLANG_WARN_STRICT_PROTOTYPES = YES;
				CLANG_WARN_SUSPICIOUS_MOVE = YES;
				CLANG_WARN_UNGUARDED_AVAILABILITY = YES_AGGRESSIVE;
				CLANG_WARN_UNREACHABLE_CODE = YES;
				CLANG_WARN__DUPLICATE_METHOD_MATCH = YES;
				CODE_SIGN_IDENTITY = "Developer ID Application";
				CODE_SIGN_INJECT_BASE_ENTITLEMENTS = NO;
				CODE_SIGN_STYLE = Manual;
				COMBINE_HIDPI_IMAGES = YES;
				COPY_PHASE_STRIP = NO;
				CURRENT_PROJECT_VERSION = 30;
				DEBUG_INFORMATION_FORMAT = "dwarf-with-dsym";
				DEVELOPMENT_TEAM = SHZQ3MWP3B;
				ENABLE_HARDENED_RUNTIME = YES;
				ENABLE_NS_ASSERTIONS = NO;
				ENABLE_STRICT_OBJC_MSGSEND = YES;
				GCC_C_LANGUAGE_STANDARD = gnu11;
				GCC_NO_COMMON_BLOCKS = YES;
				GCC_WARN_64_TO_32_BIT_CONVERSION = YES;
				GCC_WARN_ABOUT_RETURN_TYPE = YES_ERROR;
				GCC_WARN_UNDECLARED_SELECTOR = YES;
				GCC_WARN_UNINITIALIZED_AUTOS = YES_AGGRESSIVE;
				GCC_WARN_UNUSED_FUNCTION = YES;
				GCC_WARN_UNUSED_VARIABLE = YES;
				LOCALIZATION_PREFERS_STRING_CATALOGS = YES;
				MACOSX_DEPLOYMENT_TARGET = 26.0;
				MARKETING_VERSION = 1.0.19;
				MTL_ENABLE_DEBUG_INFO = NO;
				MTL_FAST_MATH = YES;
				OTHER_CODE_SIGN_FLAGS = "--timestamp";
				PRODUCT_NAME = "$(TARGET_NAME)";
				SDKROOT = macosx;
				STRING_CATALOG_GENERATE_SYMBOLS = YES;
				SWIFT_ACTIVE_COMPILATION_CONDITIONS = "";
				SWIFT_APPROACHABLE_CONCURRENCY = YES;
				SWIFT_COMPILATION_MODE = wholemodule;
				SWIFT_DEFAULT_ACTOR_ISOLATION = MainActor;
				SWIFT_EMIT_LOC_STRINGS = YES;
				SWIFT_OPTIMIZATION_LEVEL = "-O";
				SWIFT_STRICT_CONCURRENCY = complete;
				SWIFT_VERSION = 6.0;
			};
			name = Release;
		};
		34649A7F039A83E1C6654B3D /* Debug */ = {
			isa = XCBuildConfiguration;
			buildSettings = {
				BUNDLE_LOADER = "$(TEST_HOST)";
				CODE_SIGN_STYLE = Automatic;
				COMBINE_HIDPI_IMAGES = YES;
				ENABLE_HARDENED_RUNTIME = NO;
				ENABLE_TESTABILITY = YES;
				GENERATE_INFOPLIST_FILE = YES;
				LD_RUNPATH_SEARCH_PATHS = (
					"$(inherited)",
					"@executable_path/../Frameworks",
					"@loader_path/../Frameworks",
				);
				MACOSX_DEPLOYMENT_TARGET = 26.0;
				PRODUCT_BUNDLE_IDENTIFIER = top.caozc.CPUKiller.tests;
				PRODUCT_NAME = CPUKillerTests;
				SDKROOT = macosx;
				SWIFT_DEFAULT_ACTOR_ISOLATION = nonisolated;
				TEST_HOST = "$(BUILT_PRODUCTS_DIR)/CPU Killer.app/Contents/MacOS/CPU Killer";
			};
			name = Debug;
		};
		BDB6A50FEF64D032C5B79FF2 /* Release */ = {
			isa = XCBuildConfiguration;
			buildSettings = {
				ASSETCATALOG_COMPILER_APPICON_NAME = AppIcon;
				CODE_SIGN_ENTITLEMENTS = CPUKiller/CPUKiller.entitlements;
				COMBINE_HIDPI_IMAGES = YES;
				GENERATE_INFOPLIST_FILE = YES;
				INFOPLIST_FILE = CPUKiller/Info.plist;
				INFOPLIST_KEY_CFBundleDisplayName = "CPU Killer";
				INFOPLIST_KEY_CFBundleName = "CPU Killer";
				INFOPLIST_KEY_LSApplicationCategoryType = "public.app-category.utilities";
				INFOPLIST_KEY_LSUIElement = YES;
				INFOPLIST_KEY_NSHumanReadableCopyright = "Copyright © 2026 x0c. Released under the MIT License.";
				INFOPLIST_KEY_NSMainStoryboardFile = "";
				INFOPLIST_KEY_NSPrincipalClass = NSApplication;
				LD_RUNPATH_SEARCH_PATHS = (
					"$(inherited)",
					"@executable_path/../Frameworks",
				);
				MACOSX_DEPLOYMENT_TARGET = 26.0;
				PRODUCT_BUNDLE_IDENTIFIER = top.caozc.CPUKiller;
				PRODUCT_MODULE_NAME = CPUKiller;
				PRODUCT_NAME = "CPU Killer";
				SDKROOT = macosx;
			};
			name = Release;
		};
		BFA5C028AB65EB7F4859E226 /* Release */ = {
			isa = XCBuildConfiguration;
			buildSettings = {
				BUNDLE_LOADER = "$(TEST_HOST)";
				CODE_SIGN_STYLE = Automatic;
				COMBINE_HIDPI_IMAGES = YES;
				ENABLE_HARDENED_RUNTIME = NO;
				ENABLE_TESTABILITY = YES;
				GENERATE_INFOPLIST_FILE = YES;
				LD_RUNPATH_SEARCH_PATHS = (
					"$(inherited)",
					"@executable_path/../Frameworks",
					"@loader_path/../Frameworks",
				);
				MACOSX_DEPLOYMENT_TARGET = 26.0;
				PRODUCT_BUNDLE_IDENTIFIER = top.caozc.CPUKiller.tests;
				PRODUCT_NAME = CPUKillerTests;
				SDKROOT = macosx;
				SWIFT_DEFAULT_ACTOR_ISOLATION = nonisolated;
				TEST_HOST = "$(BUILT_PRODUCTS_DIR)/CPU Killer.app/Contents/MacOS/CPU Killer";
			};
			name = Release;
		};
		F6BC3D2B564C2E4623139D11 /* Debug */ = {
			isa = XCBuildConfiguration;
			baseConfigurationReference = 8FB86B1C8E56C3F0071419A4 /* Debug.xcconfig */;
			buildSettings = {
				ALWAYS_SEARCH_USER_PATHS = NO;
				ASSETCATALOG_COMPILER_GENERATE_SWIFT_ASSET_SYMBOL_EXTENSIONS = YES;
				CLANG_ANALYZER_NONNULL = YES;
				CLANG_ANALYZER_NUMBER_OBJECT_CONVERSION = YES_AGGRESSIVE;
				CLANG_CXX_LANGUAGE_STANDARD = "gnu++14";
				CLANG_CXX_LIBRARY = "libc++";
				CLANG_ENABLE_MODULES = YES;
				CLANG_ENABLE_OBJC_ARC = YES;
				CLANG_ENABLE_OBJC_WEAK = YES;
				CLANG_WARN_BLOCK_CAPTURE_AUTORELEASING = YES;
				CLANG_WARN_BOOL_CONVERSION = YES;
				CLANG_WARN_COMMA = YES;
				CLANG_WARN_CONSTANT_CONVERSION = YES;
				CLANG_WARN_DEPRECATED_OBJC_IMPLEMENTATIONS = YES;
				CLANG_WARN_DIRECT_OBJC_ISA_USAGE = YES_ERROR;
				CLANG_WARN_DOCUMENTATION_COMMENTS = YES;
				CLANG_WARN_EMPTY_BODY = YES;
				CLANG_WARN_ENUM_CONVERSION = YES;
				CLANG_WARN_INFINITE_RECURSION = YES;
				CLANG_WARN_INT_CONVERSION = YES;
				CLANG_WARN_NON_LITERAL_NULL_CONVERSION = YES;
				CLANG_WARN_OBJC_IMPLICIT_RETAIN_SELF = YES;
				CLANG_WARN_OBJC_LITERAL_CONVERSION = YES;
				CLANG_WARN_OBJC_ROOT_CLASS = YES_ERROR;
				CLANG_WARN_QUOTED_INCLUDE_IN_FRAMEWORK_HEADER = YES;
				CLANG_WARN_RANGE_LOOP_ANALYSIS = YES;
				CLANG_WARN_STRICT_PROTOTYPES = YES;
				CLANG_WARN_SUSPICIOUS_MOVE = YES;
				CLANG_WARN_UNGUARDED_AVAILABILITY = YES_AGGRESSIVE;
				CLANG_WARN_UNREACHABLE_CODE = YES;
				CLANG_WARN__DUPLICATE_METHOD_MATCH = YES;
				CODE_SIGN_STYLE = Automatic;
				COMBINE_HIDPI_IMAGES = YES;
				COPY_PHASE_STRIP = NO;
				CURRENT_PROJECT_VERSION = 30;
				DEBUG_INFORMATION_FORMAT = dwarf;
				DEVELOPMENT_TEAM = SHZQ3MWP3B;
				ENABLE_HARDENED_RUNTIME = NO;
				ENABLE_STRICT_OBJC_MSGSEND = YES;
				ENABLE_TESTABILITY = YES;
				GCC_C_LANGUAGE_STANDARD = gnu11;
				GCC_DYNAMIC_NO_PIC = NO;
				GCC_NO_COMMON_BLOCKS = YES;
				GCC_OPTIMIZATION_LEVEL = 0;
				GCC_PREPROCESSOR_DEFINITIONS = (
					"$(inherited)",
					"DEBUG=1",
				);
				GCC_WARN_64_TO_32_BIT_CONVERSION = YES;
				GCC_WARN_ABOUT_RETURN_TYPE = YES_ERROR;
				GCC_WARN_UNDECLARED_SELECTOR = YES;
				GCC_WARN_UNINITIALIZED_AUTOS = YES_AGGRESSIVE;
				GCC_WARN_UNUSED_FUNCTION = YES;
				GCC_WARN_UNUSED_VARIABLE = YES;
				LOCALIZATION_PREFERS_STRING_CATALOGS = YES;
				MACOSX_DEPLOYMENT_TARGET = 26.0;
				MARKETING_VERSION = 1.0.19;
				MTL_ENABLE_DEBUG_INFO = INCLUDE_SOURCE;
				MTL_FAST_MATH = YES;
				ONLY_ACTIVE_ARCH = YES;
				PRODUCT_NAME = "$(TARGET_NAME)";
				SDKROOT = macosx;
				STRING_CATALOG_GENERATE_SYMBOLS = YES;
				SWIFT_ACTIVE_COMPILATION_CONDITIONS = DEBUG;
				SWIFT_APPROACHABLE_CONCURRENCY = YES;
				SWIFT_DEFAULT_ACTOR_ISOLATION = MainActor;
				SWIFT_EMIT_LOC_STRINGS = YES;
				SWIFT_OPTIMIZATION_LEVEL = "-Onone";
				SWIFT_STRICT_CONCURRENCY = complete;
				SWIFT_VERSION = 6.0;
			};
			name = Debug;
		};
/* End XCBuildConfiguration section */

/* Begin XCConfigurationList section */
		43F9F41624744DA5BFF8CC7C /* Build configuration list for PBXNativeTarget "CPUKillerTests" */ = {
			isa = XCConfigurationList;
			buildConfigurations = (
				34649A7F039A83E1C6654B3D /* Debug */,
				BFA5C028AB65EB7F4859E226 /* Release */,
			);
			defaultConfigurationIsVisible = 0;
			defaultConfigurationName = Debug;
		};
		6CDC0ACB221B2461A090119A /* Build configuration list for PBXProject "CPUKiller" */ = {
			isa = XCConfigurationList;
			buildConfigurations = (
				F6BC3D2B564C2E4623139D11 /* Debug */,
				2C7F8E579858DD34DB026DBE /* Release */,
			);
			defaultConfigurationIsVisible = 0;
			defaultConfigurationName = Debug;
		};
		711FE003801D63035EE2C4F4 /* Build configuration list for PBXNativeTarget "CPUKiller" */ = {
			isa = XCConfigurationList;
			buildConfigurations = (
				270AA5A6CD9C0DBF39D93CA7 /* Debug */,
				BDB6A50FEF64D032C5B79FF2 /* Release */,
			);
			defaultConfigurationIsVisible = 0;
			defaultConfigurationName = Debug;
		};
/* End XCConfigurationList section */

/* Begin XCRemoteSwiftPackageReference section */
		903EA6657BF95FD6ECEA936B /* XCRemoteSwiftPackageReference "Sparkle" */ = {
			isa = XCRemoteSwiftPackageReference;
			repositoryURL = "https://github.com/sparkle-project/Sparkle";
			requirement = {
				kind = upToNextMajorVersion;
				minimumVersion = 2.9.2;
			};
		};
		C7DDD5430A027B2AE8804A54 /* XCRemoteSwiftPackageReference "mac-kit-swift" */ = {
			isa = XCRemoteSwiftPackageReference;
			repositoryURL = "https://github.com/x0c/mac-kit-swift";
			requirement = {
				kind = upToNextMajorVersion;
				minimumVersion = 0.1.2;
			};
		};
/* End XCRemoteSwiftPackageReference section */

/* Begin XCSwiftPackageProductDependency section */
		53218DE61494621B5D7779CF /* MacKitLifecycle */ = {
			isa = XCSwiftPackageProductDependency;
			package = C7DDD5430A027B2AE8804A54 /* XCRemoteSwiftPackageReference "mac-kit-swift" */;
			productName = MacKitLifecycle;
		};
		66252862EDD6E45D1FB86A75 /* MacKitCore */ = {
			isa = XCSwiftPackageProductDependency;
			package = C7DDD5430A027B2AE8804A54 /* XCRemoteSwiftPackageReference "mac-kit-swift" */;
			productName = MacKitCore;
		};
		7F054543703ABEF28845640F /* MacKitUpdater */ = {
			isa = XCSwiftPackageProductDependency;
			package = C7DDD5430A027B2AE8804A54 /* XCRemoteSwiftPackageReference "mac-kit-swift" */;
			productName = MacKitUpdater;
		};
		ADF3C216231BCD4A17E120F8 /* Sparkle */ = {
			isa = XCSwiftPackageProductDependency;
			package = 903EA6657BF95FD6ECEA936B /* XCRemoteSwiftPackageReference "Sparkle" */;
			productName = Sparkle;
		};
		D9E75377B8CE397B76492BA9 /* MacKitLaunchAtLogin */ = {
			isa = XCSwiftPackageProductDependency;
			package = C7DDD5430A027B2AE8804A54 /* XCRemoteSwiftPackageReference "mac-kit-swift" */;
			productName = MacKitLaunchAtLogin;
		};
		DD2529EB81227964B849E6ED /* MacKitCore */ = {
			isa = XCSwiftPackageProductDependency;
			package = C7DDD5430A027B2AE8804A54 /* XCRemoteSwiftPackageReference "mac-kit-swift" */;
			productName = MacKitCore;
		};
		E49777B917595283C6C3A897 /* MacKitOverlay */ = {
			isa = XCSwiftPackageProductDependency;
			package = C7DDD5430A027B2AE8804A54 /* XCRemoteSwiftPackageReference "mac-kit-swift" */;
			productName = MacKitOverlay;
		};
/* End XCSwiftPackageProductDependency section */
	};
	rootObject = B3DD57AE44AF1BBFA39FD57B /* Project object */;
}
